
Microsoft Visual Studio Solution File, Format Version 12.00
# Visual Studio Version 16
VisualStudioVersion = 16.0.29411.108
MinimumVisualStudioVersion = 10.0.40219.1
Project("{FAE04EC0-301F-11D3-BF4B-00C04F79EFBC}") = "Patientendaten Projekt", "Patientendaten Projekt\Patientendaten Projekt.csproj", "{B27CC132-3828-48F1-B712-328A62226241}"
EndProject
Global
	GlobalSection(SolutionConfigurationPlatforms) = preSolution
		Debug|Any CPU = Debug|Any CPU
		Release|Any CPU = Release|Any CPU
	EndGlobalSection
	GlobalSection(ProjectConfigurationPlatforms) = postSolution
		{B27CC132-3828-48F1-B712-328A62226241}.Debug|Any CPU.ActiveCfg = Debug|Any CPU
		{B27CC132-3828-48F1-B712-328A62226241}.Debug|Any CPU.Build.0 = Debug|Any CPU
		{B27CC132-3828-48F1-B712-328A62226241}.Release|Any CPU.ActiveCfg = Release|Any CPU
		{B27CC132-3828-48F1-B712-328A62226241}.Release|Any CPU.Build.0 = Release|Any CPU
	EndGlobalSection
	GlobalSection(SolutionProperties) = preSolution
		HideSolutionNode = FALSE
	EndGlobalSection
	GlobalSection(ExtensibilityGlobals) = postSolution
		SolutionGuid = {35354122-74E3-4EA3-91BA-C10A3285DB8E}
	EndGlobalSection
EndGlobal
